dependencies:
  idf:
    source:
      type: idf
    version: 5.5.1
  wolfssl/wolfssl:
    component_hash: 4d619e882c19d967bbaa53302e3bd2bdb8c611b5efb13302171aace809fccfdf
    dependencies: []
    source:
      registry_url: https://components.espressif.com/
      type: service
    version: 5.8.2~1
direct_dependencies:
- idf
- wolfssl/wolfssl
manifest_hash: 3299bb34ac025956dabec80e660bd9867df6f6877d7e5f6553670373f06cc0fd
target: esp32s3
version: 2.0.0
